
Microsoft Visual Studio Solution File, Format Version 12.00
# Visual Studio Version 17
VisualStudioVersion = 17.2.32505.173
MinimumVisualStudioVersion = 10.0.40219.1
Project("{FAE04EC0-301F-11D3-BF4B-00C04F79EFBC}") = "KafkaConsumer", "KafkaConsumer.csproj", "{C57999CB-0FBF-4B38-9FCE-12F8489646B0}"
EndProject
Global
	GlobalSection(SolutionConfigurationPlatforms) = preSolution
		Debug|Any CPU = Debug|Any CPU
		Release|Any CPU = Release|Any CPU
	EndGlobalSection
	GlobalSection(ProjectConfigurationPlatforms) = postSolution
		{C57999CB-0FBF-4B38-9FCE-12F8489646B0}.Debug|Any CPU.ActiveCfg = Debug|Any CPU
		{C57999CB-0FBF-4B38-9FCE-12F8489646B0}.Debug|Any CPU.Build.0 = Debug|Any CPU
		{C57999CB-0FBF-4B38-9FCE-12F8489646B0}.Release|Any CPU.ActiveCfg = Release|Any CPU
		{C57999CB-0FBF-4B38-9FCE-12F8489646B0}.Release|Any CPU.Build.0 = Release|Any CPU
	EndGlobalSection
	GlobalSection(SolutionProperties) = preSolution
		HideSolutionNode = FALSE
	EndGlobalSection
	GlobalSection(ExtensibilityGlobals) = postSolution
		SolutionGuid = {C435DAA6-DC87-4E8A-B1A8-3B47ECB9B2BE}
	EndGlobalSection
EndGlobal
